
Microsoft Visual Studio Solution File, Format Version 12.00
# Visual Studio Version 17
VisualStudioVersion = 17.13.35931.197 d17.13
MinimumVisualStudioVersion = 10.0.40219.1
Project("{FAE04EC0-301F-11D3-BF4B-00C04F79EFBC}") = "LawdeIA", "LawdeIA\LawdeIA.csproj", "{8D15C83B-17C2-420A-BD55-01A71448F308}"
EndProject
Global
	GlobalSection(SolutionConfigurationPlatforms) = preSolution
		Debug|Any CPU = Debug|Any CPU
		Release|Any CPU = Release|Any CPU
	EndGlobalSection
	GlobalSection(ProjectConfigurationPlatforms) = postSolution
		{8D15C83B-17C2-420A-BD55-01A71448F308}.Debug|Any CPU.ActiveCfg = Debug|Any CPU
		{8D15C83B-17C2-420A-BD55-01A71448F308}.Debug|Any CPU.Build.0 = Debug|Any CPU
		{8D15C83B-17C2-420A-BD55-01A71448F308}.Release|Any CPU.ActiveCfg = Release|Any CPU
		{8D15C83B-17C2-420A-BD55-01A71448F308}.Release|Any CPU.Build.0 = Release|Any CPU
	EndGlobalSection
	GlobalSection(SolutionProperties) = preSolution
		HideSolutionNode = FALSE
	EndGlobalSection
	GlobalSection(ExtensibilityGlobals) = postSolution
		SolutionGuid = {CD8BB9A7-DE30-42BE-A03F-46DA29C65EB8}
	EndGlobalSection
EndGlobal
